
Microsoft Visual Studio Solution File, Format Version 12.00
# Visual Studio Version 16
VisualStudioVersion = 16.0.32802.440
MinimumVisualStudioVersion = 10.0.40219.1
Project("{FAE04EC0-301F-11D3-BF4B-00C04F79EFBC}") = "Blinq APIs", "Blinq APIs\Blinq APIs.csproj", "{87CAAE7F-DB05-4440-BF16-FBABB25F4B49}"
EndProject
Global
	GlobalSection(SolutionConfigurationPlatforms) = preSolution
		Debug|Any CPU = Debug|Any CPU
		Release|Any CPU = Release|Any CPU
	EndGlobalSection
	GlobalSection(ProjectConfigurationPlatforms) = postSolution
		{87CAAE7F-DB05-4440-BF16-FBABB25F4B49}.Debug|Any CPU.ActiveCfg = Debug|Any CPU
		{87CAAE7F-DB05-4440-BF16-FBABB25F4B49}.Debug|Any CPU.Build.0 = Debug|Any CPU
		{87CAAE7F-DB05-4440-BF16-FBABB25F4B49}.Release|Any CPU.ActiveCfg = Release|Any CPU
		{87CAAE7F-DB05-4440-BF16-FBABB25F4B49}.Release|Any CPU.Build.0 = Release|Any CPU
	EndGlobalSection
	GlobalSection(SolutionProperties) = preSolution
		HideSolutionNode = FALSE
	EndGlobalSection
	GlobalSection(ExtensibilityGlobals) = postSolution
		SolutionGuid = {C3A8AC42-26D9-43CA-B663-B53806B4E8EC}
	EndGlobalSection
EndGlobal
